
Microsoft Visual Studio Solution File, Format Version 12.00
# Visual Studio 2017
Project("{FAE04EC0-301F-11D3-BF4B-00C04F79EFBC}") = "DemonFizh", "DemonFizh.csproj", "{CAAABDC3-03EB-6D9C-B4B5-1BD560D811A6}"
EndProject
Project("{FAE04EC0-301F-11D3-BF4B-00C04F79EFBC}") = "DemonFizh.Editor", "DemonFizh.Editor.csproj", "{2F798688-DCF9-9FBE-B6F2-A5A9C216D376}"
EndProject
Global
	GlobalSection(SolutionConfigurationPlatforms) = preSolution
		Debug|Any CPU = Debug|Any CPU
		Release|Any CPU = Release|Any CPU
	EndGlobalSection
	GlobalSection(ProjectConfigurationPlatforms) = postSolution
		{CAAABDC3-03EB-6D9C-B4B5-1BD560D811A6}.Debug|Any CPU.ActiveCfg = Debug|Any CPU
		{CAAABDC3-03EB-6D9C-B4B5-1BD560D811A6}.Debug|Any CPU.Build.0 = Debug|Any CPU
		{CAAABDC3-03EB-6D9C-B4B5-1BD560D811A6}.Release|Any CPU.ActiveCfg = Release|Any CPU
		{CAAABDC3-03EB-6D9C-B4B5-1BD560D811A6}.Release|Any CPU.Build.0 = Release|Any CPU
		{2F798688-DCF9-9FBE-B6F2-A5A9C216D376}.Debug|Any CPU.ActiveCfg = Debug|Any CPU
		{2F798688-DCF9-9FBE-B6F2-A5A9C216D376}.Debug|Any CPU.Build.0 = Debug|Any CPU
		{2F798688-DCF9-9FBE-B6F2-A5A9C216D376}.Release|Any CPU.ActiveCfg = Release|Any CPU
		{2F798688-DCF9-9FBE-B6F2-A5A9C216D376}.Release|Any CPU.Build.0 = Release|Any CPU
	EndGlobalSection
	GlobalSection(SolutionProperties) = preSolution
		HideSolutionNode = FALSE
	EndGlobalSection
EndGlobal
